
Microsoft Visual Studio Solution File, Format Version 12.00
# Visual Studio Version 16
VisualStudioVersion = 16.0.30011.22
MinimumVisualStudioVersion = 10.0.40219.1
Project("{2150E333-8FDC-42A3-9474-1A3956D46DE8}") = "src", "src", "{B870D837-989B-451B-9DF4-8B4DBA470705}"
EndProject
Project("{2150E333-8FDC-42A3-9474-1A3956D46DE8}") = "Building Blocks", "Building Blocks", "{38CF3D21-5255-48F8-B4CA-7FF20144F619}"
EndProject
Project("{2150E333-8FDC-42A3-9474-1A3956D46DE8}") = "Services", "Services", "{DA1F7E1A-F1A3-4C42-99AE-B231EE1CF363}"
EndProject
Project("{2150E333-8FDC-42A3-9474-1A3956D46DE8}") = "Web", "Web", "{777E3713-9A49-4645-8F0F-3DD408CDE5CB}"
EndProject
Project("{2150E333-8FDC-42A3-9474-1A3956D46DE8}") = "Identidade", "Identidade", "{04389655-75BD-4EB0-B970-B8A6B4D3F925}"
EndProject
Project("{9A19103F-16F7-4668-BE54-9A1E7A4F7556}") = "NSE.Identidade.Api", "src\services\NSE.Identidade.Api\NSE.Identidade.Api.csproj", "{7264B602-D886-43B3-A3F8-8E90C08C7019}"
EndProject
Project("{2150E333-8FDC-42A3-9474-1A3956D46DE8}") = "MVC", "MVC", "{E36F3E56-6A3E-4C59-9477-B99F164D92C9}"
EndProject
Project("{9A19103F-16F7-4668-BE54-9A1E7A4F7556}") = "NSE.WebApp.MVC", "src\web\NSE.WebApp.MVC\NSE.WebApp.MVC.csproj", "{C992D048-9FC4-4392-8645-D48305FA022F}"
EndProject
Project("{2150E333-8FDC-42A3-9474-1A3956D46DE8}") = "Core", "Core", "{C35E4803-4E9F-4F4F-B2F3-5B370A8A16BF}"
EndProject
Project("{9A19103F-16F7-4668-BE54-9A1E7A4F7556}") = "NSE.Core", "src\building blocks\NSE.Core\NSE.Core.csproj", "{FA48A2FA-B27A-44CC-98FF-66F7A65AD4CD}"
EndProject
Project("{2150E333-8FDC-42A3-9474-1A3956D46DE8}") = "Carrinho", "Carrinho", "{A9B94442-CD9D-46CF-881D-63FA9950B9D3}"
EndProject
Project("{2150E333-8FDC-42A3-9474-1A3956D46DE8}") = "Catalogo", "Catalogo", "{2C167D51-8461-46A6-89F5-A412FD4D7EC3}"
EndProject
Project("{2150E333-8FDC-42A3-9474-1A3956D46DE8}") = "Clientes", "Clientes", "{E83AE0BC-A8B9-4DD2-85B3-1FA4E408318F}"
EndProject
Project("{2150E333-8FDC-42A3-9474-1A3956D46DE8}") = "Pagamento", "Pagamento", "{76CA5F1F-8062-4319-A8E6-2C285C02243B}"
EndProject
Project("{2150E333-8FDC-42A3-9474-1A3956D46DE8}") = "Pedido", "Pedido", "{2FDDD75F-3024-47CD-83B8-95F587DF7A11}"
EndProject
Project("{9A19103F-16F7-4668-BE54-9A1E7A4F7556}") = "NSE.Carrinho.API", "src\services\NSE.Carrinho.API\NSE.Carrinho.API.csproj", "{C8AC3C14-610B-46B8-AE09-C6A5ADDCD375}"
EndProject
Project("{9A19103F-16F7-4668-BE54-9A1E7A4F7556}") = "NSE.Catalogo.API", "src\services\NSE.Catalogo.API\NSE.Catalogo.API.csproj", "{3CB6A88F-F133-4724-8893-887D3C51EF02}"
EndProject
Project("{9A19103F-16F7-4668-BE54-9A1E7A4F7556}") = "NSE.Pagamento.API", "src\services\NSE.Pagamento.API\NSE.Pagamento.API.csproj", "{B26466B9-D220-4097-9E1E-9F074EA36856}"
EndProject
Project("{9A19103F-16F7-4668-BE54-9A1E7A4F7556}") = "NSE.Pedido.API", "src\services\NSE.Pedido.API\NSE.Pedido.API.csproj", "{15281FAA-7C90-49C2-8037-2FAA49E60ED4}"
EndProject
Project("{2150E333-8FDC-42A3-9474-1A3956D46DE8}") = "Services", "Services", "{E6F8F31E-36CC-466C-ABBB-532ACBEC9CB7}"
EndProject
Project("{9A19103F-16F7-4668-BE54-9A1E7A4F7556}") = "NSE.WebApi.Core", "src\building blocks\NSE.WebApi.Core\NSE.WebApi.Core.csproj", "{DE9ABC03-97D1-425F-8E73-0C40933DAC6C}"
EndProject
Project("{9A19103F-16F7-4668-BE54-9A1E7A4F7556}") = "NSE.Clientes.API", "src\services\NSE.Clientes.API\NSE.Clientes.API.csproj", "{7E40C19C-8FDF-43E5-8BDE-6A1384D66302}"
EndProject
Global
	GlobalSection(SolutionConfigurationPlatforms) = preSolution
		Debug|Any CPU = Debug|Any CPU
		Release|Any CPU = Release|Any CPU
	EndGlobalSection
	GlobalSection(ProjectConfigurationPlatforms) = postSolution
		{7264B602-D886-43B3-A3F8-8E90C08C7019}.Debug|Any CPU.ActiveCfg = Debug|Any CPU
		{7264B602-D886-43B3-A3F8-8E90C08C7019}.Debug|Any CPU.Build.0 = Debug|Any CPU
		{7264B602-D886-43B3-A3F8-8E90C08C7019}.Release|Any CPU.ActiveCfg = Release|Any CPU
		{7264B602-D886-43B3-A3F8-8E90C08C7019}.Release|Any CPU.Build.0 = Release|Any CPU
		{C992D048-9FC4-4392-8645-D48305FA022F}.Debug|Any CPU.ActiveCfg = Debug|Any CPU
		{C992D048-9FC4-4392-8645-D48305FA022F}.Debug|Any CPU.Build.0 = Debug|Any CPU
		{C992D048-9FC4-4392-8645-D48305FA022F}.Release|Any CPU.ActiveCfg = Release|Any CPU
		{C992D048-9FC4-4392-8645-D48305FA022F}.Release|Any CPU.Build.0 = Release|Any CPU
		{FA48A2FA-B27A-44CC-98FF-66F7A65AD4CD}.Debug|Any CPU.ActiveCfg = Debug|Any CPU
		{FA48A2FA-B27A-44CC-98FF-66F7A65AD4CD}.Debug|Any CPU.Build.0 = Debug|Any CPU
		{FA48A2FA-B27A-44CC-98FF-66F7A65AD4CD}.Release|Any CPU.ActiveCfg = Release|Any CPU
		{FA48A2FA-B27A-44CC-98FF-66F7A65AD4CD}.Release|Any CPU.Build.0 = Release|Any CPU
		{C8AC3C14-610B-46B8-AE09-C6A5ADDCD375}.Debug|Any CPU.ActiveCfg = Debug|Any CPU
		{C8AC3C14-610B-46B8-AE09-C6A5ADDCD375}.Debug|Any CPU.Build.0 = Debug|Any CPU
		{C8AC3C14-610B-46B8-AE09-C6A5ADDCD375}.Release|Any CPU.ActiveCfg = Release|Any CPU
		{C8AC3C14-610B-46B8-AE09-C6A5ADDCD375}.Release|Any CPU.Build.0 = Release|Any CPU
		{3CB6A88F-F133-4724-8893-887D3C51EF02}.Debug|Any CPU.ActiveCfg = Debug|Any CPU
		{3CB6A88F-F133-4724-8893-887D3C51EF02}.Debug|Any CPU.Build.0 = Debug|Any CPU
		{3CB6A88F-F133-4724-8893-887D3C51EF02}.Release|Any CPU.ActiveCfg = Release|Any CPU
		{3CB6A88F-F133-4724-8893-887D3C51EF02}.Release|Any CPU.Build.0 = Release|Any CPU
		{B26466B9-D220-4097-9E1E-9F074EA36856}.Debug|Any CPU.ActiveCfg = Debug|Any CPU
		{B26466B9-D220-4097-9E1E-9F074EA36856}.Debug|Any CPU.Build.0 = Debug|Any CPU
		{B26466B9-D220-4097-9E1E-9F074EA36856}.Release|Any CPU.ActiveCfg = Release|Any CPU
		{B26466B9-D220-4097-9E1E-9F074EA36856}.Release|Any CPU.Build.0 = Release|Any CPU
		{15281FAA-7C90-49C2-8037-2FAA49E60ED4}.Debug|Any CPU.ActiveCfg = Debug|Any CPU
		{15281FAA-7C90-49C2-8037-2FAA49E60ED4}.Debug|Any CPU.Build.0 = Debug|Any CPU
		{15281FAA-7C90-49C2-8037-2FAA49E60ED4}.Release|Any CPU.ActiveCfg = Release|Any CPU
		{15281FAA-7C90-49C2-8037-2FAA49E60ED4}.Release|Any CPU.Build.0 = Release|Any CPU
		{DE9ABC03-97D1-425F-8E73-0C40933DAC6C}.Debug|Any CPU.ActiveCfg = Debug|Any CPU
		{DE9ABC03-97D1-425F-8E73-0C40933DAC6C}.Debug|Any CPU.Build.0 = Debug|Any CPU
		{DE9ABC03-97D1-425F-8E73-0C40933DAC6C}.Release|Any CPU.ActiveCfg = Release|Any CPU
		{DE9ABC03-97D1-425F-8E73-0C40933DAC6C}.Release|Any CPU.Build.0 = Release|Any CPU
		{7E40C19C-8FDF-43E5-8BDE-6A1384D66302}.Debug|Any CPU.ActiveCfg = Debug|Any CPU
		{7E40C19C-8FDF-43E5-8BDE-6A1384D66302}.Debug|Any CPU.Build.0 = Debug|Any CPU
		{7E40C19C-8FDF-43E5-8BDE-6A1384D66302}.Release|Any CPU.ActiveCfg = Release|Any CPU
		{7E40C19C-8FDF-43E5-8BDE-6A1384D66302}.Release|Any CPU.Build.0 = Release|Any CPU
	EndGlobalSection
	GlobalSection(SolutionProperties) = preSolution
		HideSolutionNode = FALSE
	EndGlobalSection
	GlobalSection(NestedProjects) = preSolution
		{38CF3D21-5255-48F8-B4CA-7FF20144F619} = {B870D837-989B-451B-9DF4-8B4DBA470705}
		{DA1F7E1A-F1A3-4C42-99AE-B231EE1CF363} = {B870D837-989B-451B-9DF4-8B4DBA470705}
		{777E3713-9A49-4645-8F0F-3DD408CDE5CB} = {B870D837-989B-451B-9DF4-8B4DBA470705}
		{04389655-75BD-4EB0-B970-B8A6B4D3F925} = {DA1F7E1A-F1A3-4C42-99AE-B231EE1CF363}
		{7264B602-D886-43B3-A3F8-8E90C08C7019} = {04389655-75BD-4EB0-B970-B8A6B4D3F925}
		{E36F3E56-6A3E-4C59-9477-B99F164D92C9} = {777E3713-9A49-4645-8F0F-3DD408CDE5CB}
		{C992D048-9FC4-4392-8645-D48305FA022F} = {E36F3E56-6A3E-4C59-9477-B99F164D92C9}
		{C35E4803-4E9F-4F4F-B2F3-5B370A8A16BF} = {38CF3D21-5255-48F8-B4CA-7FF20144F619}
		{FA48A2FA-B27A-44CC-98FF-66F7A65AD4CD} = {C35E4803-4E9F-4F4F-B2F3-5B370A8A16BF}
		{A9B94442-CD9D-46CF-881D-63FA9950B9D3} = {DA1F7E1A-F1A3-4C42-99AE-B231EE1CF363}
		{2C167D51-8461-46A6-89F5-A412FD4D7EC3} = {DA1F7E1A-F1A3-4C42-99AE-B231EE1CF363}
		{E83AE0BC-A8B9-4DD2-85B3-1FA4E408318F} = {DA1F7E1A-F1A3-4C42-99AE-B231EE1CF363}
		{76CA5F1F-8062-4319-A8E6-2C285C02243B} = {DA1F7E1A-F1A3-4C42-99AE-B231EE1CF363}
		{2FDDD75F-3024-47CD-83B8-95F587DF7A11} = {DA1F7E1A-F1A3-4C42-99AE-B231EE1CF363}
		{C8AC3C14-610B-46B8-AE09-C6A5ADDCD375} = {A9B94442-CD9D-46CF-881D-63FA9950B9D3}
		{3CB6A88F-F133-4724-8893-887D3C51EF02} = {2C167D51-8461-46A6-89F5-A412FD4D7EC3}
		{B26466B9-D220-4097-9E1E-9F074EA36856} = {76CA5F1F-8062-4319-A8E6-2C285C02243B}
		{15281FAA-7C90-49C2-8037-2FAA49E60ED4} = {2FDDD75F-3024-47CD-83B8-95F587DF7A11}
		{E6F8F31E-36CC-466C-ABBB-532ACBEC9CB7} = {38CF3D21-5255-48F8-B4CA-7FF20144F619}
		{DE9ABC03-97D1-425F-8E73-0C40933DAC6C} = {E6F8F31E-36CC-466C-ABBB-532ACBEC9CB7}
		{7E40C19C-8FDF-43E5-8BDE-6A1384D66302} = {E83AE0BC-A8B9-4DD2-85B3-1FA4E408318F}
	EndGlobalSection
	GlobalSection(ExtensibilityGlobals) = postSolution
		SolutionGuid = {DEF87BDB-33E9-4B92-93C3-04E52E1787F4}
	EndGlobalSection
EndGlobal
